// !$*UTF8*$!
{
	archiveVersion = 1;
	classes = {
	};
	objectVersion = 46;
	objects = {

/* Begin PBXBuildFile section */
		48802EFB1F29B78800638C35 /* main.m in Sources */ = {isa = PBXBuildFile; fileRef = 48802EFA1F29B78800638C35 /* main.m */; };
		48802EFE1F29B78800638C35 /* AppDelegate.m in Sources */ = {isa = PBXBuildFile; fileRef = 48802EFD1F29B78800638C35 /* AppDelegate.m */; };
		48802F041F29B78800638C35 /* Main.storyboard in Resources */ = {isa = PBXBuildFile; fileRef = 48802F021F29B78800638C35 /* Main.storyboard */; };
		48802F061F29B78800638C35 /* Assets.xcassets in Resources */ = {isa = PBXBuildFile; fileRef = 48802F051F29B78800638C35 /* Assets.xcassets */; };
		48802F091F29B78800638C35 /* LaunchScreen.storyboard in Resources */ = {isa = PBXBuildFile; fileRef = 48802F071F29B78800638C35 /* LaunchScreen.storyboard */; };
		48802F431F29C3CC00638C35 /* MainViewController.m in Sources */ = {isa = PBXBuildFile; fileRef = 48802F421F29C3CC00638C35 /* MainViewController.m */; };
		48802F541F29CB8C00638C35 /* BasicInfoViewController.m in Sources */ = {isa = PBXBuildFile; fileRef = 48802F521F29CB8C00638C35 /* BasicInfoViewController.m */; };
		48802F551F29CB8C00638C35 /* BasicInfoViewController.xib in Resources */ = {isa = PBXBuildFile; fileRef = 48802F531F29CB8C00638C35 /* BasicInfoViewController.xib */; };
		48802F5E1F29DC9E00638C35 /* ContractEncodeViewController.m in Sources */ = {isa = PBXBuildFile; fileRef = 48802F5C1F29DC9E00638C35 /* ContractEncodeViewController.m */; };
		48802F5F1F29DC9E00638C35 /* ContractEncodeViewController.xib in Resources */ = {isa = PBXBuildFile; fileRef = 48802F5D1F29DC9E00638C35 /* ContractEncodeViewController.xib */; };
		48802F641F29F11700638C35 /* ResultDecodeViewController.xib in Resources */ = {isa = PBXBuildFile; fileRef = 48802F621F29F11700638C35 /* ResultDecodeViewController.xib */; };
		48802F671F29F31D00638C35 /* ResultDecodeViewController.m in Sources */ = {isa = PBXBuildFile; fileRef = 48802F661F29F31D00638C35 /* ResultDecodeViewController.m */; };
		48802FB71F2B37B800638C35 /* EthereumContract.m in Sources */ = {isa = PBXBuildFile; fileRef = 48802F991F2B37B800638C35 /* EthereumContract.m */; };
		48802FB81F2B37B800638C35 /* EthereumDecodeManager.m in Sources */ = {isa = PBXBuildFile; fileRef = 48802F9C1F2B37B800638C35 /* EthereumDecodeManager.m */; };
		48802FB91F2B37B800638C35 /* EthereumResultDecode.c in Sources */ = {isa = PBXBuildFile; fileRef = 48802F9D1F2B37B800638C35 /* EthereumResultDecode.c */; };
		48802FBA1F2B37B800638C35 /* EthereumArgEncode.c in Sources */ = {isa = PBXBuildFile; fileRef = 48802FA01F2B37B800638C35 /* EthereumArgEncode.c */; };
		48802FBB1F2B37B800638C35 /* EthereumEncodeManager.m in Sources */ = {isa = PBXBuildFile; fileRef = 48802FA31F2B37B800638C35 /* EthereumEncodeManager.m */; };
		48802FBC1F2B37B800638C35 /* EthereumArray.m in Sources */ = {isa = PBXBuildFile; fileRef = 48802FA61F2B37B800638C35 /* EthereumArray.m */; };
		48802FBD1F2B37B800638C35 /* EthereumBOOL.m in Sources */ = {isa = PBXBuildFile; fileRef = 48802FA81F2B37B800638C35 /* EthereumBOOL.m */; };
		48802FBE1F2B37B800638C35 /* EthereumString.m in Sources */ = {isa = PBXBuildFile; fileRef = 48802FAA1F2B37B800638C35 /* EthereumString.m */; };
		48802FBF1F2B37B800638C35 /* EthereumType.m in Sources */ = {isa = PBXBuildFile; fileRef = 48802FAC1F2B37B800638C35 /* EthereumType.m */; };
		48802FC01F2B37B800638C35 /* libsecp256k1_all.a in Frameworks */ = {isa = PBXBuildFile; fileRef = 48802FAE1F2B37B800638C35 /* libsecp256k1_all.a */; };
		48802FC11F2B37B800638C35 /* keccak_f.c in Sources */ = {isa = PBXBuildFile; fileRef = 48802FB11F2B37B800638C35 /* keccak_f.c */; };
		48802FC21F2B37B800638C35 /* round.c in Sources */ = {isa = PBXBuildFile; fileRef = 48802FB31F2B37B800638C35 /* round.c */; };
		48802FC31F2B37B800638C35 /* sponge.c in Sources */ = {isa = PBXBuildFile; fileRef = 48802FB51F2B37B800638C35 /* sponge.c */; };
/* End PBXBuildFile section */

/* Begin PBXFileReference section */
		48802EF61F29B78800638C35 /* EthereumDemo.app */ = {isa = PBXFileReference; explicitFileType = wrapper.application; includeInIndex = 0; path = EthereumDemo.app; sourceTree = BUILT_PRODUCTS_DIR; };
		48802EFA1F29B78800638C35 /* main.m */ = {isa = PBXFileReference; lastKnownFileType = sourcecode.c.objc; path = main.m; sourceTree = "<group>"; };
		48802EFC1F29B78800638C35 /* AppDelegate.h */ = {isa = PBXFileReference; lastKnownFileType = sourcecode.c.h; path = AppDelegate.h; sourceTree = "<group>"; };
		48802EFD1F29B78800638C35 /* AppDelegate.m */ = {isa = PBXFileReference; lastKnownFileType = sourcecode.c.objc; path = AppDelegate.m; sourceTree = "<group>"; };
		48802F031F29B78800638C35 /* Base */ = {isa = PBXFileReference; lastKnownFileType = file.storyboard; name = Base; path = Base.lproj/Main.storyboard; sourceTree = "<group>"; };
		48802F051F29B78800638C35 /* Assets.xcassets */ = {isa = PBXFileReference; lastKnownFileType = folder.assetcatalog; path = Assets.xcassets; sourceTree = "<group>"; };
		48802F081F29B78800638C35 /* Base */ = {isa = PBXFileReference; lastKnownFileType = file.storyboard; name = Base; path = Base.lproj/LaunchScreen.storyboard; sourceTree = "<group>"; };
		48802F0A1F29B78800638C35 /* Info.plist */ = {isa = PBXFileReference; lastKnownFileType = text.plist.xml; path = Info.plist; sourceTree = "<group>"; };
		48802F411F29C3CC00638C35 /* MainViewController.h */ = {isa = PBXFileReference; fileEncoding = 4; lastKnownFileType = sourcecode.c.h; path = MainViewController.h; sourceTree = "<group>"; };
		48802F421F29C3CC00638C35 /* MainViewController.m */ = {isa = PBXFileReference; fileEncoding = 4; lastKnownFileType = sourcecode.c.objc; path = MainViewController.m; sourceTree = "<group>"; };
		48802F511F29CB8C00638C35 /* BasicInfoViewController.h */ = {isa = PBXFileReference; fileEncoding = 4; lastKnownFileType = sourcecode.c.h; path = BasicInfoViewController.h; sourceTree = "<group>"; };
		48802F521F29CB8C00638C35 /* BasicInfoViewController.m */ = {isa = PBXFileReference; fileEncoding = 4; lastKnownFileType = sourcecode.c.objc; path = BasicInfoViewController.m; sourceTree = "<group>"; };
		48802F531F29CB8C00638C35 /* BasicInfoViewController.xib */ = {isa = PBXFileReference; fileEncoding = 4; lastKnownFileType = file.xib; path = BasicInfoViewController.xib; sourceTree = "<group>"; };
		48802F5B1F29DC9E00638C35 /* ContractEncodeViewController.h */ = {isa = PBXFileReference; fileEncoding = 4; lastKnownFileType = sourcecode.c.h; path = ContractEncodeViewController.h; sourceTree = "<group>"; };
		48802F5C1F29DC9E00638C35 /* ContractEncodeViewController.m */ = {isa = PBXFileReference; fileEncoding = 4; lastKnownFileType = sourcecode.c.objc; path = ContractEncodeViewController.m; sourceTree = "<group>"; };
		48802F5D1F29DC9E00638C35 /* ContractEncodeViewController.xib */ = {isa = PBXFileReference; fileEncoding = 4; lastKnownFileType = file.xib; path = ContractEncodeViewController.xib; sourceTree = "<group>"; };
		48802F621F29F11700638C35 /* ResultDecodeViewController.xib */ = {isa = PBXFileReference; fileEncoding = 4; lastKnownFileType = file.xib; path = ResultDecodeViewController.xib; sourceTree = "<group>"; };
		48802F651F29F31D00638C35 /* ResultDecodeViewController.h */ = {isa = PBXFileReference; fileEncoding = 4; lastKnownFileType = sourcecode.c.h; path = ResultDecodeViewController.h; sourceTree = "<group>"; };
		48802F661F29F31D00638C35 /* ResultDecodeViewController.m */ = {isa = PBXFileReference; fileEncoding = 4; lastKnownFileType = sourcecode.c.objc; path = ResultDecodeViewController.m; sourceTree = "<group>"; };
		48802F981F2B37B800638C35 /* EthereumContract.h */ = {isa = PBXFileReference; fileEncoding = 4; lastKnownFileType = sourcecode.c.h; path = EthereumContract.h; sourceTree = "<group>"; };
		48802F991F2B37B800638C35 /* EthereumContract.m */ = {isa = PBXFileReference; fileEncoding = 4; lastKnownFileType = sourcecode.c.objc; path = EthereumContract.m; sourceTree = "<group>"; };
		48802F9B1F2B37B800638C35 /* EthereumDecodeManager.h */ = {isa = PBXFileReference; fileEncoding = 4; lastKnownFileType = sourcecode.c.h; path = EthereumDecodeManager.h; sourceTree = "<group>"; };
		48802F9C1F2B37B800638C35 /* EthereumDecodeManager.m */ = {isa = PBXFileReference; fileEncoding = 4; lastKnownFileType = sourcecode.c.objc; path = EthereumDecodeManager.m; sourceTree = "<group>"; };
		48802F9D1F2B37B800638C35 /* EthereumResultDecode.c */ = {isa = PBXFileReference; fileEncoding = 4; lastKnownFileType = sourcecode.c.c; path = EthereumResultDecode.c; sourceTree = "<group>"; };
		48802F9E1F2B37B800638C35 /* EthereumResultDecode.h */ = {isa = PBXFileReference; fileEncoding = 4; lastKnownFileType = sourcecode.c.h; path = EthereumResultDecode.h; sourceTree = "<group>"; };
		48802FA01F2B37B800638C35 /* EthereumArgEncode.c */ = {isa = PBXFileReference; fileEncoding = 4; lastKnownFileType = sourcecode.c.c; path = EthereumArgEncode.c; sourceTree = "<group>"; };
		48802FA11F2B37B800638C35 /* EthereumArgEncode.h */ = {isa = PBXFileReference; fileEncoding = 4; lastKnownFileType = sourcecode.c.h; path = EthereumArgEncode.h; sourceTree = "<group>"; };
		48802FA21F2B37B800638C35 /* EthereumEncodeManager.h */ = {isa = PBXFileReference; fileEncoding = 4; lastKnownFileType = sourcecode.c.h; path = EthereumEncodeManager.h; sourceTree = "<group>"; };
		48802FA31F2B37B800638C35 /* EthereumEncodeManager.m */ = {isa = PBXFileReference; fileEncoding = 4; lastKnownFileType = sourcecode.c.objc; path = EthereumEncodeManager.m; sourceTree = "<group>"; };
		48802FA51F2B37B800638C35 /* EthereumArray.h */ = {isa = PBXFileReference; fileEncoding = 4; lastKnownFileType = sourcecode.c.h; path = EthereumArray.h; sourceTree = "<group>"; };
		48802FA61F2B37B800638C35 /* EthereumArray.m */ = {isa = PBXFileReference; fileEncoding = 4; lastKnownFileType = sourcecode.c.objc; path = EthereumArray.m; sourceTree = "<group>"; };
		48802FA71F2B37B800638C35 /* EthereumBOOL.h */ = {isa = PBXFileReference; fileEncoding = 4; lastKnownFileType = sourcecode.c.h; path = EthereumBOOL.h; sourceTree = "<group>"; };
		48802FA81F2B37B800638C35 /* EthereumBOOL.m */ = {isa = PBXFileReference; fileEncoding = 4; lastKnownFileType = sourcecode.c.objc; path = EthereumBOOL.m; sourceTree = "<group>"; };
		48802FA91F2B37B800638C35 /* EthereumString.h */ = {isa = PBXFileReference; fileEncoding = 4; lastKnownFileType = sourcecode.c.h; path = EthereumString.h; sourceTree = "<group>"; };
		48802FAA1F2B37B800638C35 /* EthereumString.m */ = {isa = PBXFileReference; fileEncoding = 4; lastKnownFileType = sourcecode.c.objc; path = EthereumString.m; sourceTree = "<group>"; };
		48802FAB1F2B37B800638C35 /* EthereumType.h */ = {isa = PBXFileReference; fileEncoding = 4; lastKnownFileType = sourcecode.c.h; path = EthereumType.h; sourceTree = "<group>"; };
		48802FAC1F2B37B800638C35 /* EthereumType.m */ = {isa = PBXFileReference; fileEncoding = 4; lastKnownFileType = sourcecode.c.objc; path = EthereumType.m; sourceTree = "<group>"; };
		48802FAE1F2B37B800638C35 /* libsecp256k1_all.a */ = {isa = PBXFileReference; lastKnownFileType = archive.ar; path = libsecp256k1_all.a; sourceTree = "<group>"; };
		48802FAF1F2B37B800638C35 /* secp256k1.h */ = {isa = PBXFileReference; fileEncoding = 4; lastKnownFileType = sourcecode.c.h; path = secp256k1.h; sourceTree = "<group>"; };
		48802FB11F2B37B800638C35 /* keccak_f.c */ = {isa = PBXFileReference; fileEncoding = 4; lastKnownFileType = sourcecode.c.c; path = keccak_f.c; sourceTree = "<group>"; };
		48802FB21F2B37B800638C35 /* keccak_f.h */ = {isa = PBXFileReference; fileEncoding = 4; lastKnownFileType = sourcecode.c.h; path = keccak_f.h; sourceTree = "<group>"; };
		48802FB31F2B37B800638C35 /* round.c */ = {isa = PBXFileReference; fileEncoding = 4; lastKnownFileType = sourcecode.c.c; path = round.c; sourceTree = "<group>"; };
		48802FB41F2B37B800638C35 /* round.h */ = {isa = PBXFileReference; fileEncoding = 4; lastKnownFileType = sourcecode.c.h; path = round.h; sourceTree = "<group>"; };
		48802FB51F2B37B800638C35 /* sponge.c */ = {isa = PBXFileReference; fileEncoding = 4; lastKnownFileType = sourcecode.c.c; path = sponge.c; sourceTree = "<group>"; };
		48802FB61F2B37B800638C35 /* sponge.h */ = {isa = PBXFileReference; fileEncoding = 4; lastKnownFileType = sourcecode.c.h; path = sponge.h; sourceTree = "<group>"; };
/* End PBXFileReference section */

/* Begin PBXFrameworksBuildPhase section */
		48802EF31F29B78800638C35 /* Frameworks */ = {
			isa = PBXFrameworksBuildPhase;
			buildActionMask = 2147483647;
			files = (
				48802FC01F2B37B800638C35 /* libsecp256k1_all.a in Frameworks */,
			);
			runOnlyForDeploymentPostprocessing = 0;
		};
/* End PBXFrameworksBuildPhase section */

/* Begin PBXGroup section */
		48802EED1F29B78800638C35 = {
			isa = PBXGroup;
			children = (
				48802EF81F29B78800638C35 /* EthereumDemo */,
				48802EF71F29B78800638C35 /* Products */,
			);
			sourceTree = "<group>";
		};
		48802EF71F29B78800638C35 /* Products */ = {
			isa = PBXGroup;
			children = (
				48802EF61F29B78800638C35 /* EthereumDemo.app */,
			);
			name = Products;
			sourceTree = "<group>";
		};
		48802EF81F29B78800638C35 /* EthereumDemo */ = {
			isa = PBXGroup;
			children = (
				48802F961F2B37B800638C35 /* Ethereum */,
				48802F441F29CA1300638C35 /* Classes */,
				48802EFC1F29B78800638C35 /* AppDelegate.h */,
				48802EFD1F29B78800638C35 /* AppDelegate.m */,
				48802F021F29B78800638C35 /* Main.storyboard */,
				48802F051F29B78800638C35 /* Assets.xcassets */,
				48802F071F29B78800638C35 /* LaunchScreen.storyboard */,
				48802F0A1F29B78800638C35 /* Info.plist */,
				48802EF91F29B78800638C35 /* Supporting Files */,
				48802F411F29C3CC00638C35 /* MainViewController.h */,
				48802F421F29C3CC00638C35 /* MainViewController.m */,
			);
			path = EthereumDemo;
			sourceTree = "<group>";
		};
		48802EF91F29B78800638C35 /* Supporting Files */ = {
			isa = PBXGroup;
			children = (
				48802EFA1F29B78800638C35 /* main.m */,
			);
			name = "Supporting Files";
			sourceTree = "<group>";
		};
		48802F441F29CA1300638C35 /* Classes */ = {
			isa = PBXGroup;
			children = (
				48802F451F29CA1300638C35 /* BasicInfo */,
				48802F491F29CA1300638C35 /* ContractEncode */,
				48802F4D1F29CA1300638C35 /* ResultDecode */,
			);
			path = Classes;
			sourceTree = "<group>";
		};
		48802F451F29CA1300638C35 /* BasicInfo */ = {
			isa = PBXGroup;
			children = (
				48802F461F29CA1300638C35 /* Controller */,
			);
			path = BasicInfo;
			sourceTree = "<group>";
		};
		48802F461F29CA1300638C35 /* Controller */ = {
			isa = PBXGroup;
			children = (
				48802F511F29CB8C00638C35 /* BasicInfoViewController.h */,
				48802F521F29CB8C00638C35 /* BasicInfoViewController.m */,
				48802F531F29CB8C00638C35 /* BasicInfoViewController.xib */,
			);
			path = Controller;
			sourceTree = "<group>";
		};
		48802F491F29CA1300638C35 /* ContractEncode */ = {
			isa = PBXGroup;
			children = (
				48802F4A1F29CA1300638C35 /* Controller */,
				48802F4B1F29CA1300638C35 /* Model */,
				48802F4C1F29CA1300638C35 /* View */,
			);
			path = ContractEncode;
			sourceTree = "<group>";
		};
		48802F4A1F29CA1300638C35 /* Controller */ = {
			isa = PBXGroup;
			children = (
				48802F5B1F29DC9E00638C35 /* ContractEncodeViewController.h */,
				48802F5C1F29DC9E00638C35 /* ContractEncodeViewController.m */,
				48802F5D1F29DC9E00638C35 /* ContractEncodeViewController.xib */,
			);
			path = Controller;
			sourceTree = "<group>";
		};
		48802F4B1F29CA1300638C35 /* Model */ = {
			isa = PBXGroup;
			children = (
			);
			path = Model;
			sourceTree = "<group>";
		};
		48802F4C1F29CA1300638C35 /* View */ = {
			isa = PBXGroup;
			children = (
			);
			path = View;
			sourceTree = "<group>";
		};
		48802F4D1F29CA1300638C35 /* ResultDecode */ = {
			isa = PBXGroup;
			children = (
				48802F4E1F29CA1300638C35 /* Controller */,
				48802F4F1F29CA1300638C35 /* Model */,
				48802F501F29CA1300638C35 /* View */,
			);
			path = ResultDecode;
			sourceTree = "<group>";
		};
		48802F4E1F29CA1300638C35 /* Controller */ = {
			isa = PBXGroup;
			children = (
				48802F621F29F11700638C35 /* ResultDecodeViewController.xib */,
				48802F651F29F31D00638C35 /* ResultDecodeViewController.h */,
				48802F661F29F31D00638C35 /* ResultDecodeViewController.m */,
			);
			path = Controller;
			sourceTree = "<group>";
		};
		48802F4F1F29CA1300638C35 /* Model */ = {
			isa = PBXGroup;
			children = (
			);
			path = Model;
			sourceTree = "<group>";
		};
		48802F501F29CA1300638C35 /* View */ = {
			isa = PBXGroup;
			children = (
			);
			path = View;
			sourceTree = "<group>";
		};
		48802F961F2B37B800638C35 /* Ethereum */ = {
			isa = PBXGroup;
			children = (
				48802F971F2B37B800638C35 /* EthereumContract */,
				48802F9A1F2B37B800638C35 /* EthereumDecodeManager */,
				48802F9F1F2B37B800638C35 /* EthereumEncodeManager */,
				48802FA41F2B37B800638C35 /* EthereumType */,
				48802FAD1F2B37B800638C35 /* secp256k1 */,
				48802FB01F2B37B800638C35 /* sha3-256 */,
			);
			path = Ethereum;
			sourceTree = SOURCE_ROOT;
		};
		48802F971F2B37B800638C35 /* EthereumContract */ = {
			isa = PBXGroup;
			children = (
				48802F981F2B37B800638C35 /* EthereumContract.h */,
				48802F991F2B37B800638C35 /* EthereumContract.m */,
			);
			path = EthereumContract;
			sourceTree = "<group>";
		};
		48802F9A1F2B37B800638C35 /* EthereumDecodeManager */ = {
			isa = PBXGroup;
			children = (
				48802F9B1F2B37B800638C35 /* EthereumDecodeManager.h */,
				48802F9C1F2B37B800638C35 /* EthereumDecodeManager.m */,
				48802F9D1F2B37B800638C35 /* EthereumResultDecode.c */,
				48802F9E1F2B37B800638C35 /* EthereumResultDecode.h */,
			);
			path = EthereumDecodeManager;
			sourceTree = "<group>";
		};
		48802F9F1F2B37B800638C35 /* EthereumEncodeManager */ = {
			isa = PBXGroup;
			children = (
				48802FA01F2B37B800638C35 /* EthereumArgEncode.c */,
				48802FA11F2B37B800638C35 /* EthereumArgEncode.h */,
				48802FA21F2B37B800638C35 /* EthereumEncodeManager.h */,
				48802FA31F2B37B800638C35 /* EthereumEncodeManager.m */,
			);
			path = EthereumEncodeManager;
			sourceTree = "<group>";
		};
		48802FA41F2B37B800638C35 /* EthereumType */ = {
			isa = PBXGroup;
			children = (
				48802FA51F2B37B800638C35 /* EthereumArray.h */,
				48802FA61F2B37B800638C35 /* EthereumArray.m */,
				48802FA71F2B37B800638C35 /* EthereumBOOL.h */,
				48802FA81F2B37B800638C35 /* EthereumBOOL.m */,
				48802FA91F2B37B800638C35 /* EthereumString.h */,
				48802FAA1F2B37B800638C35 /* EthereumString.m */,
				48802FAB1F2B37B800638C35 /* EthereumType.h */,
				48802FAC1F2B37B800638C35 /* EthereumType.m */,
			);
			path = EthereumType;
			sourceTree = "<group>";
		};
		48802FAD1F2B37B800638C35 /* secp256k1 */ = {
			isa = PBXGroup;
			children = (
				48802FAE1F2B37B800638C35 /* libsecp256k1_all.a */,
				48802FAF1F2B37B800638C35 /* secp256k1.h */,
			);
			path = secp256k1;
			sourceTree = "<group>";
		};
		48802FB01F2B37B800638C35 /* sha3-256 */ = {
			isa = PBXGroup;
			children = (
				48802FB11F2B37B800638C35 /* keccak_f.c */,
				48802FB21F2B37B800638C35 /* keccak_f.h */,
				48802FB31F2B37B800638C35 /* round.c */,
				48802FB41F2B37B800638C35 /* round.h */,
				48802FB51F2B37B800638C35 /* sponge.c */,
				48802FB61F2B37B800638C35 /* sponge.h */,
			);
			path = "sha3-256";
			sourceTree = "<group>";
		};
/* End PBXGroup section */

/* Begin PBXNativeTarget section */
		48802EF51F29B78800638C35 /* EthereumDemo */ = {
			isa = PBXNativeTarget;
			buildConfigurationList = 48802F0D1F29B78800638C35 /* Build configuration list for PBXNativeTarget "EthereumDemo" */;
			buildPhases = (
				48802EF21F29B78800638C35 /* Sources */,
				48802EF31F29B78800638C35 /* Frameworks */,
				48802EF41F29B78800638C35 /* Resources */,
			);
			buildRules = (
			);
			dependencies = (
			);
			name = EthereumDemo;
			productName = EthereumDemo;
			productReference = 48802EF61F29B78800638C35 /* EthereumDemo.app */;
			productType = "com.apple.product-type.application";
		};
/* End PBXNativeTarget section */

/* Begin PBXProject section */
		48802EEE1F29B78800638C35 /* Project object */ = {
			isa = PBXProject;
			attributes = {
				LastUpgradeCheck = 0830;
				ORGANIZATIONNAME = NewDrivers;
				TargetAttributes = {
					48802EF51F29B78800638C35 = {
						CreatedOnToolsVersion = 8.3.3;
						DevelopmentTeam = R9YBSZ4EG3;
						ProvisioningStyle = Automatic;
					};
				};
			};
			buildConfigurationList = 48802EF11F29B78800638C35 /* Build configuration list for PBXProject "EthereumDemo" */;
			compatibilityVersion = "Xcode 3.2";
			developmentRegion = English;
			hasScannedForEncodings = 0;
			knownRegions = (
				en,
				Base,
			);
			mainGroup = 48802EED1F29B78800638C35;
			productRefGroup = 48802EF71F29B78800638C35 /* Products */;
			projectDirPath = "";
			projectRoot = "";
			targets = (
				48802EF51F29B78800638C35 /* EthereumDemo */,
			);
		};
/* End PBXProject section */

/* Begin PBXResourcesBuildPhase section */
		48802EF41F29B78800638C35 /* Resources */ = {
			isa = PBXResourcesBuildPhase;
			buildActionMask = 2147483647;
			files = (
				48802F091F29B78800638C35 /* LaunchScreen.storyboard in Resources */,
				48802F5F1F29DC9E00638C35 /* ContractEncodeViewController.xib in Resources */,
				48802F551F29CB8C00638C35 /* BasicInfoViewController.xib in Resources */,
				48802F061F29B78800638C35 /* Assets.xcassets in Resources */,
				48802F041F29B78800638C35 /* Main.storyboard in Resources */,
				48802F641F29F11700638C35 /* ResultDecodeViewController.xib in Resources */,
			);
			runOnlyForDeploymentPostprocessing = 0;
		};
/* End PBXResourcesBuildPhase section */

/* Begin PBXSourcesBuildPhase section */
		48802EF21F29B78800638C35 /* Sources */ = {
			isa = PBXSourcesBuildPhase;
			buildActionMask = 2147483647;
			files = (
				48802FB81F2B37B800638C35 /* EthereumDecodeManager.m in Sources */,
				48802FBA1F2B37B800638C35 /* EthereumArgEncode.c in Sources */,
				48802FC11F2B37B800638C35 /* keccak_f.c in Sources */,
				48802F541F29CB8C00638C35 /* BasicInfoViewController.m in Sources */,
				48802FBF1F2B37B800638C35 /* EthereumType.m in Sources */,
				48802F5E1F29DC9E00638C35 /* ContractEncodeViewController.m in Sources */,
				48802EFE1F29B78800638C35 /* AppDelegate.m in Sources */,
				48802FC31F2B37B800638C35 /* sponge.c in Sources */,
				48802FBB1F2B37B800638C35 /* EthereumEncodeManager.m in Sources */,
				48802F671F29F31D00638C35 /* ResultDecodeViewController.m in Sources */,
				48802FB71F2B37B800638C35 /* EthereumContract.m in Sources */,
				48802FBC1F2B37B800638C35 /* EthereumArray.m in Sources */,
				48802FBD1F2B37B800638C35 /* EthereumBOOL.m in Sources */,
				48802EFB1F29B78800638C35 /* main.m in Sources */,
				48802FC21F2B37B800638C35 /* round.c in Sources */,
				48802FBE1F2B37B800638C35 /* EthereumString.m in Sources */,
				48802FB91F2B37B800638C35 /* EthereumResultDecode.c in Sources */,
				48802F431F29C3CC00638C35 /* MainViewController.m in Sources */,
			);
			runOnlyForDeploymentPostprocessing = 0;
		};
/* End PBXSourcesBuildPhase section */

/* Begin PBXVariantGroup section */
		48802F021F29B78800638C35 /* Main.storyboard */ = {
			isa = PBXVariantGroup;
			children = (
				48802F031F29B78800638C35 /* Base */,
			);
			name = Main.storyboard;
			sourceTree = "<group>";
		};
		48802F071F29B78800638C35 /* LaunchScreen.storyboard */ = {
			isa = PBXVariantGroup;
			children = (
				48802F081F29B78800638C35 /* Base */,
			);
			name = LaunchScreen.storyboard;
			sourceTree = "<group>";
		};
/* End PBXVariantGroup section */

/* Begin XCBuildConfiguration section */
		48802F0B1F29B78800638C35 /* Debug */ = {
			isa = XCBuildConfiguration;
			buildSettings = {
				ALWAYS_SEARCH_USER_PATHS = NO;
				CLANG_ANALYZER_NONNULL = YES;
				CLANG_ANALYZER_NUMBER_OBJECT_CONVERSION = YES_AGGRESSIVE;
				CLANG_CXX_LANGUAGE_STANDARD = "gnu++0x";
				CLANG_CXX_LIBRARY = "libc++";
				CLANG_ENABLE_MODULES = YES;
				CLANG_ENABLE_OBJC_ARC = YES;
				CLANG_WARN_BOOL_CONVERSION = YES;
				CLANG_WARN_CONSTANT_CONVERSION = YES;
				CLANG_WARN_DIRECT_OBJC_ISA_USAGE = YES_ERROR;
				CLANG_WARN_DOCUMENTATION_COMMENTS = YES;
				CLANG_WARN_EMPTY_BODY = YES;
				CLANG_WARN_ENUM_CONVERSION = YES;
				CLANG_WARN_INFINITE_RECURSION = YES;
				CLANG_WARN_INT_CONVERSION = YES;
				CLANG_WARN_OBJC_ROOT_CLASS = YES_ERROR;
				CLANG_WARN_SUSPICIOUS_MOVE = YES;
				CLANG_WARN_UNREACHABLE_CODE = YES;
				CLANG_WARN__DUPLICATE_METHOD_MATCH = YES;
				"CODE_SIGN_IDENTITY[sdk=iphoneos*]" = "iPhone Developer";
				COPY_PHASE_STRIP = NO;
				DEBUG_INFORMATION_FORMAT = dwarf;
				ENABLE_STRICT_OBJC_MSGSEND = YES;
				ENABLE_TESTABILITY = YES;
				GCC_C_LANGUAGE_STANDARD = gnu99;
				GCC_DYNAMIC_NO_PIC = NO;
				GCC_NO_COMMON_BLOCKS = YES;
				GCC_OPTIMIZATION_LEVEL = 0;
				GCC_PREPROCESSOR_DEFINITIONS = (
					"DEBUG=1",
					"$(inherited)",
				);
				GCC_WARN_64_TO_32_BIT_CONVERSION = YES;
				GCC_WARN_ABOUT_RETURN_TYPE = YES_ERROR;
				GCC_WARN_UNDECLARED_SELECTOR = YES;
				GCC_WARN_UNINITIALIZED_AUTOS = YES_AGGRESSIVE;
				GCC_WARN_UNUSED_FUNCTION = YES;
				GCC_WARN_UNUSED_VARIABLE = YES;
				IPHONEOS_DEPLOYMENT_TARGET = 10.3;
				MTL_ENABLE_DEBUG_INFO = YES;
				ONLY_ACTIVE_ARCH = YES;
				SDKROOT = iphoneos;
				TARGETED_DEVICE_FAMILY = "1,2";
			};
			name = Debug;
		};
		48802F0C1F29B78800638C35 /* Release */ = {
			isa = XCBuildConfiguration;
			buildSettings = {
				ALWAYS_SEARCH_USER_PATHS = NO;
				CLANG_ANALYZER_NONNULL = YES;
				CLANG_ANALYZER_NUMBER_OBJECT_CONVERSION = YES_AGGRESSIVE;
				CLANG_CXX_LANGUAGE_STANDARD = "gnu++0x";
				CLANG_CXX_LIBRARY = "libc++";
				CLANG_ENABLE_MODULES = YES;
				CLANG_ENABLE_OBJC_ARC = YES;
				CLANG_WARN_BOOL_CONVERSION = YES;
				CLANG_WARN_CONSTANT_CONVERSION = YES;
				CLANG_WARN_DIRECT_OBJC_ISA_USAGE = YES_ERROR;
				CLANG_WARN_DOCUMENTATION_COMMENTS = YES;
				CLANG_WARN_EMPTY_BODY = YES;
				CLANG_WARN_ENUM_CONVERSION = YES;
				CLANG_WARN_INFINITE_RECURSION = YES;
				CLANG_WARN_INT_CONVERSION = YES;
				CLANG_WARN_OBJC_ROOT_CLASS = YES_ERROR;
				CLANG_WARN_SUSPICIOUS_MOVE = YES;
				CLANG_WARN_UNREACHABLE_CODE = YES;
				CLANG_WARN__DUPLICATE_METHOD_MATCH = YES;
				"CODE_SIGN_IDENTITY[sdk=iphoneos*]" = "iPhone Developer";
				COPY_PHASE_STRIP = NO;
				DEBUG_INFORMATION_FORMAT = "dwarf-with-dsym";
				ENABLE_NS_ASSERTIONS = NO;
				ENABLE_STRICT_OBJC_MSGSEND = YES;
				GCC_C_LANGUAGE_STANDARD = gnu99;
				GCC_NO_COMMON_BLOCKS = YES;
				GCC_WARN_64_TO_32_BIT_CONVERSION = YES;
				GCC_WARN_ABOUT_RETURN_TYPE = YES_ERROR;
				GCC_WARN_UNDECLARED_SELECTOR = YES;
				GCC_WARN_UNINITIALIZED_AUTOS = YES_AGGRESSIVE;
				GCC_WARN_UNUSED_FUNCTION = YES;
				GCC_WARN_UNUSED_VARIABLE = YES;
				IPHONEOS_DEPLOYMENT_TARGET = 10.3;
				MTL_ENABLE_DEBUG_INFO = NO;
				SDKROOT = iphoneos;
				TARGETED_DEVICE_FAMILY = "1,2";
				VALIDATE_PRODUCT = YES;
			};
			name = Release;
		};
		48802F0E1F29B78800638C35 /* Debug */ = {
			isa = XCBuildConfiguration;
			buildSettings = {
				ASSETCATALOG_COMPILER_APPICON_NAME = AppIcon;
				DEVELOPMENT_TEAM = R9YBSZ4EG3;
				INFOPLIST_FILE = EthereumDemo/Info.plist;
				LD_RUNPATH_SEARCH_PATHS = "$(inherited) @executable_path/Frameworks";
				LIBRARY_SEARCH_PATHS = (
					"$(inherited)",
					"$(PROJECT_DIR)/EthereumDemo/Ethereum/secp256k1",
					"$(PROJECT_DIR)/Ethereum/secp256k1",
				);
				PRODUCT_BUNDLE_IDENTIFIER = zju.EthereumDemo;
				PRODUCT_NAME = "$(TARGET_NAME)";
			};
			name = Debug;
		};
		48802F0F1F29B78800638C35 /* Release */ = {
			isa = XCBuildConfiguration;
			buildSettings = {
				ASSETCATALOG_COMPILER_APPICON_NAME = AppIcon;
				DEVELOPMENT_TEAM = R9YBSZ4EG3;
				INFOPLIST_FILE = EthereumDemo/Info.plist;
				LD_RUNPATH_SEARCH_PATHS = "$(inherited) @executable_path/Frameworks";
				LIBRARY_SEARCH_PATHS = (
					"$(inherited)",
					"$(PROJECT_DIR)/EthereumDemo/Ethereum/secp256k1",
					"$(PROJECT_DIR)/Ethereum/secp256k1",
				);
				PRODUCT_BUNDLE_IDENTIFIER = zju.EthereumDemo;
				PRODUCT_NAME = "$(TARGET_NAME)";
			};
			name = Release;
		};
/* End XCBuildConfiguration section */

/* Begin XCConfigurationList section */
		48802EF11F29B78800638C35 /* Build configuration list for PBXProject "EthereumDemo" */ = {
			isa = XCConfigurationList;
			buildConfigurations = (
				48802F0B1F29B78800638C35 /* Debug */,
				48802F0C1F29B78800638C35 /* Release */,
			);
			defaultConfigurationIsVisible = 0;
			defaultConfigurationName = Release;
		};
		48802F0D1F29B78800638C35 /* Build configuration list for PBXNativeTarget "EthereumDemo" */ = {
			isa = XCConfigurationList;
			buildConfigurations = (
				48802F0E1F29B78800638C35 /* Debug */,
				48802F0F1F29B78800638C35 /* Release */,
			);
			defaultConfigurationIsVisible = 0;
			defaultConfigurationName = Release;
		};
/* End XCConfigurationList section */
	};
	rootObject = 48802EEE1F29B78800638C35 /* Project object */;
}
